// !$*UTF8*$!
{
	archiveVersion = 1;
	classes = {
	};
	objectVersion = 48;
	objects = {

/* Begin PBXBuildFile section */
		F014FCE62448C95D00440B11 /* Products+CoreDataClass.swift in Sources */ = {isa = PBXBuildFile; fileRef = F014FCE42448C95D00440B11 /* Products+CoreDataClass.swift */; };
		F014FCE72448C95D00440B11 /* Products+CoreDataProperties.swift in Sources */ = {isa = PBXBuildFile; fileRef = F014FCE52448C95D00440B11 /* Products+CoreDataProperties.swift */; };
		F028012C2448D6400033175E /* ViewControllerDelegate.swift in Sources */ = {isa = PBXBuildFile; fileRef = F028012B2448D6400033175E /* ViewControllerDelegate.swift */; };
		F057579B2448D28A006456F6 /* MainPresenter.swift in Sources */ = {isa = PBXBuildFile; fileRef = F057579A2448D28A006456F6 /* MainPresenter.swift */; };
		F0BFAB86244871F100391FC7 /* AppDelegate.swift in Sources */ = {isa = PBXBuildFile; fileRef = F0BFAB85244871F100391FC7 /* AppDelegate.swift */; };
		F0BFAB88244871F100391FC7 /* ViewController.swift in Sources */ = {isa = PBXBuildFile; fileRef = F0BFAB87244871F100391FC7 /* ViewController.swift */; };
		F0BFAB8B244871F100391FC7 /* Main.storyboard in Resources */ = {isa = PBXBuildFile; fileRef = F0BFAB89244871F100391FC7 /* Main.storyboard */; };
		F0BFAB8E244871F100391FC7 /* FoodCoordinator.xcdatamodeld in Sources */ = {isa = PBXBuildFile; fileRef = F0BFAB8C244871F100391FC7 /* FoodCoordinator.xcdatamodeld */; };
		F0BFAB90244871F100391FC7 /* Assets.xcassets in Resources */ = {isa = PBXBuildFile; fileRef = F0BFAB8F244871F100391FC7 /* Assets.xcassets */; };
		F0BFAB93244871F100391FC7 /* LaunchScreen.storyboard in Resources */ = {isa = PBXBuildFile; fileRef = F0BFAB91244871F100391FC7 /* LaunchScreen.storyboard */; };
/* End PBXBuildFile section */

/* Begin PBXFileReference section */
		F014FCE42448C95D00440B11 /* Products+CoreDataClass.swift */ = {isa = PBXFileReference; lastKnownFileType = sourcecode.swift; path = "Products+CoreDataClass.swift"; sourceTree = "<group>"; };
		F014FCE52448C95D00440B11 /* Products+CoreDataProperties.swift */ = {isa = PBXFileReference; lastKnownFileType = sourcecode.swift; path = "Products+CoreDataProperties.swift"; sourceTree = "<group>"; };
		F028012B2448D6400033175E /* ViewControllerDelegate.swift */ = {isa = PBXFileReference; lastKnownFileType = sourcecode.swift; path = ViewControllerDelegate.swift; sourceTree = "<group>"; };
		F057579A2448D28A006456F6 /* MainPresenter.swift */ = {isa = PBXFileReference; lastKnownFileType = sourcecode.swift; path = MainPresenter.swift; sourceTree = "<group>"; };
		F0BFAB82244871F100391FC7 /* FoodCoordinator.app */ = {isa = PBXFileReference; explicitFileType = wrapper.application; includeInIndex = 0; path = FoodCoordinator.app; sourceTree = BUILT_PRODUCTS_DIR; };
		F0BFAB85244871F100391FC7 /* AppDelegate.swift */ = {isa = PBXFileReference; lastKnownFileType = sourcecode.swift; path = AppDelegate.swift; sourceTree = "<group>"; };
		F0BFAB87244871F100391FC7 /* ViewController.swift */ = {isa = PBXFileReference; lastKnownFileType = sourcecode.swift; path = ViewController.swift; sourceTree = "<group>"; };
		F0BFAB8A244871F100391FC7 /* Base */ = {isa = PBXFileReference; lastKnownFileType = file.storyboard; name = Base; path = Base.lproj/Main.storyboard; sourceTree = "<group>"; };
		F0BFAB8D244871F100391FC7 /* FoodCoordinator.xcdatamodel */ = {isa = PBXFileReference; lastKnownFileType = wrapper.xcdatamodel; path = FoodCoordinator.xcdatamodel; sourceTree = "<group>"; };
		F0BFAB8F244871F100391FC7 /* Assets.xcassets */ = {isa = PBXFileReference; lastKnownFileType = folder.assetcatalog; path = Assets.xcassets; sourceTree = "<group>"; };
		F0BFAB92244871F100391FC7 /* Base */ = {isa = PBXFileReference; lastKnownFileType = file.storyboard; name = Base; path = Base.lproj/LaunchScreen.storyboard; sourceTree = "<group>"; };
		F0BFAB94244871F100391FC7 /* Info.plist */ = {isa = PBXFileReference; lastKnownFileType = text.plist.xml; path = Info.plist; sourceTree = "<group>"; };
/* End PBXFileReference section */

/* Begin PBXFrameworksBuildPhase section */
		F0BFAB7F244871F100391FC7 /* Frameworks */ = {
			isa = PBXFrameworksBuildPhase;
			buildActionMask = 2147483647;
			files = (
			);
			runOnlyForDeploymentPostprocessing = 0;
		};
/* End PBXFrameworksBuildPhase section */

/* Begin PBXGroup section */
		F028012A2448D5FE0033175E /* Presenter */ = {
			isa = PBXGroup;
			children = (
				F057579A2448D28A006456F6 /* MainPresenter.swift */,
			);
			path = Presenter;
			sourceTree = "<group>";
		};
		F0BFAB79244871F100391FC7 = {
			isa = PBXGroup;
			children = (
				F0BFAB84244871F100391FC7 /* FoodCoordinator */,
				F0BFAB83244871F100391FC7 /* Products */,
			);
			sourceTree = "<group>";
		};
		F0BFAB83244871F100391FC7 /* Products */ = {
			isa = PBXGroup;
			children = (
				F0BFAB82244871F100391FC7 /* FoodCoordinator.app */,
			);
			name = Products;
			sourceTree = "<group>";
		};
		F0BFAB84244871F100391FC7 /* FoodCoordinator */ = {
			isa = PBXGroup;
			children = (
				F028012A2448D5FE0033175E /* Presenter */,
				F0EE72332448C037002E69A9 /* CoreData */,
				F0EE72322448C018002E69A9 /* Others */,
				F0EE72312448BFFD002E69A9 /* View */,
				F0EE72302448BE50002E69A9 /* Model */,
				F0BFAB94244871F100391FC7 /* Info.plist */,
			);
			path = FoodCoordinator;
			sourceTree = "<group>";
		};
		F0EE72302448BE50002E69A9 /* Model */ = {
			isa = PBXGroup;
			children = (
				F014FCE42448C95D00440B11 /* Products+CoreDataClass.swift */,
				F014FCE52448C95D00440B11 /* Products+CoreDataProperties.swift */,
			);
			path = Model;
			sourceTree = "<group>";
		};
		F0EE72312448BFFD002E69A9 /* View */ = {
			isa = PBXGroup;
			children = (
				F0BFAB87244871F100391FC7 /* ViewController.swift */,
				F028012B2448D6400033175E /* ViewControllerDelegate.swift */,
			);
			path = View;
			sourceTree = "<group>";
		};
		F0EE72322448C018002E69A9 /* Others */ = {
			isa = PBXGroup;
			children = (
				F0BFAB89244871F100391FC7 /* Main.storyboard */,
				F0BFAB8F244871F100391FC7 /* Assets.xcassets */,
				F0BFAB85244871F100391FC7 /* AppDelegate.swift */,
				F0BFAB91244871F100391FC7 /* LaunchScreen.storyboard */,
			);
			path = Others;
			sourceTree = "<group>";
		};
		F0EE72332448C037002E69A9 /* CoreData */ = {
			isa = PBXGroup;
			children = (
				F0BFAB8C244871F100391FC7 /* FoodCoordinator.xcdatamodeld */,
			);
			path = CoreData;
			sourceTree = "<group>";
		};
/* End PBXGroup section */

/* Begin PBXNativeTarget section */
		F0BFAB81244871F100391FC7 /* FoodCoordinator */ = {
			isa = PBXNativeTarget;
			buildConfigurationList = F0BFAB97244871F100391FC7 /* Build configuration list for PBXNativeTarget "FoodCoordinator" */;
			buildPhases = (
				F0BFAB7E244871F100391FC7 /* Sources */,
				F0BFAB7F244871F100391FC7 /* Frameworks */,
				F0BFAB80244871F100391FC7 /* Resources */,
			);
			buildRules = (
			);
			dependencies = (
			);
			name = FoodCoordinator;
			productName = FoodCoordinator;
			productReference = F0BFAB82244871F100391FC7 /* FoodCoordinator.app */;
			productType = "com.apple.product-type.application";
		};
/* End PBXNativeTarget section */

/* Begin PBXProject section */
		F0BFAB7A244871F100391FC7 /* Project object */ = {
			isa = PBXProject;
			attributes = {
				LastSwiftUpdateCheck = 0900;
				LastUpgradeCheck = 0900;
				ORGANIZATIONNAME = VSU;
				TargetAttributes = {
					F0BFAB81244871F100391FC7 = {
						CreatedOnToolsVersion = 9.0;
						ProvisioningStyle = Automatic;
					};
				};
			};
			buildConfigurationList = F0BFAB7D244871F100391FC7 /* Build configuration list for PBXProject "FoodCoordinator" */;
			compatibilityVersion = "Xcode 8.0";
			developmentRegion = en;
			hasScannedForEncodings = 0;
			knownRegions = (
				en,
				Base,
			);
			mainGroup = F0BFAB79244871F100391FC7;
			productRefGroup = F0BFAB83244871F100391FC7 /* Products */;
			projectDirPath = "";
			projectRoot = "";
			targets = (
				F0BFAB81244871F100391FC7 /* FoodCoordinator */,
			);
		};
/* End PBXProject section */

/* Begin PBXResourcesBuildPhase section */
		F0BFAB80244871F100391FC7 /* Resources */ = {
			isa = PBXResourcesBuildPhase;
			buildActionMask = 2147483647;
			files = (
				F0BFAB93244871F100391FC7 /* LaunchScreen.storyboard in Resources */,
				F0BFAB90244871F100391FC7 /* Assets.xcassets in Resources */,
				F0BFAB8B244871F100391FC7 /* Main.storyboard in Resources */,
			);
			runOnlyForDeploymentPostprocessing = 0;
		};
/* End PBXResourcesBuildPhase section */

/* Begin PBXSourcesBuildPhase section */
		F0BFAB7E244871F100391FC7 /* Sources */ = {
			isa = PBXSourcesBuildPhase;
			buildActionMask = 2147483647;
			files = (
				F014FCE72448C95D00440B11 /* Products+CoreDataProperties.swift in Sources */,
				F057579B2448D28A006456F6 /* MainPresenter.swift in Sources */,
				F0BFAB8E244871F100391FC7 /* FoodCoordinator.xcdatamodeld in Sources */,
				F014FCE62448C95D00440B11 /* Products+CoreDataClass.swift in Sources */,
				F028012C2448D6400033175E /* ViewControllerDelegate.swift in Sources */,
				F0BFAB88244871F100391FC7 /* ViewController.swift in Sources */,
				F0BFAB86244871F100391FC7 /* AppDelegate.swift in Sources */,
			);
			runOnlyForDeploymentPostprocessing = 0;
		};
/* End PBXSourcesBuildPhase section */

/* Begin PBXVariantGroup section */
		F0BFAB89244871F100391FC7 /* Main.storyboard */ = {
			isa = PBXVariantGroup;
			children = (
				F0BFAB8A244871F100391FC7 /* Base */,
			);
			name = Main.storyboard;
			sourceTree = "<group>";
		};
		F0BFAB91244871F100391FC7 /* LaunchScreen.storyboard */ = {
			isa = PBXVariantGroup;
			children = (
				F0BFAB92244871F100391FC7 /* Base */,
			);
			name = LaunchScreen.storyboard;
			sourceTree = "<group>";
		};
/* End PBXVariantGroup section */

/* Begin XCBuildConfiguration section */
		F0BFAB95244871F100391FC7 /* Debug */ = {
			isa = XCBuildConfiguration;
			buildSettings = {
				ALWAYS_SEARCH_USER_PATHS = NO;
				CLANG_ANALYZER_NONNULL = YES;
				CLANG_ANALYZER_NUMBER_OBJECT_CONVERSION = YES_AGGRESSIVE;
				CLANG_CXX_LANGUAGE_STANDARD = "gnu++14";
				CLANG_CXX_LIBRARY = "libc++";
				CLANG_ENABLE_MODULES = YES;
				CLANG_ENABLE_OBJC_ARC = YES;
				CLANG_WARN_BLOCK_CAPTURE_AUTORELEASING = YES;
				CLANG_WARN_BOOL_CONVERSION = YES;
				CLANG_WARN_COMMA = YES;
				CLANG_WARN_CONSTANT_CONVERSION = YES;
				CLANG_WARN_DIRECT_OBJC_ISA_USAGE = YES_ERROR;
				CLANG_WARN_DOCUMENTATION_COMMENTS = YES;
				CLANG_WARN_EMPTY_BODY = YES;
				CLANG_WARN_ENUM_CONVERSION = YES;
				CLANG_WARN_INFINITE_RECURSION = YES;
				CLANG_WARN_INT_CONVERSION = YES;
				CLANG_WARN_NON_LITERAL_NULL_CONVERSION = YES;
				CLANG_WARN_OBJC_LITERAL_CONVERSION = YES;
				CLANG_WARN_OBJC_ROOT_CLASS = YES_ERROR;
				CLANG_WARN_RANGE_LOOP_ANALYSIS = YES;
				CLANG_WARN_STRICT_PROTOTYPES = YES;
				CLANG_WARN_SUSPICIOUS_MOVE = YES;
				CLANG_WARN_UNGUARDED_AVAILABILITY = YES_AGGRESSIVE;
				CLANG_WARN_UNREACHABLE_CODE = YES;
				CLANG_WARN__DUPLICATE_METHOD_MATCH = YES;
				CODE_SIGN_IDENTITY = "iPhone Developer";
				COPY_PHASE_STRIP = NO;
				DEBUG_INFORMATION_FORMAT = dwarf;
				ENABLE_STRICT_OBJC_MSGSEND = YES;
				ENABLE_TESTABILITY = YES;
				GCC_C_LANGUAGE_STANDARD = gnu11;
				GCC_DYNAMIC_NO_PIC = NO;
				GCC_NO_COMMON_BLOCKS = YES;
				GCC_OPTIMIZATION_LEVEL = 0;
				GCC_PREPROCESSOR_DEFINITIONS = (
					"DEBUG=1",
					"$(inherited)",
				);
				GCC_WARN_64_TO_32_BIT_CONVERSION = YES;
				GCC_WARN_ABOUT_RETURN_TYPE = YES_ERROR;
				GCC_WARN_UNDECLARED_SELECTOR = YES;
				GCC_WARN_UNINITIALIZED_AUTOS = YES_AGGRESSIVE;
				GCC_WARN_UNUSED_FUNCTION = YES;
				GCC_WARN_UNUSED_VARIABLE = YES;
				IPHONEOS_DEPLOYMENT_TARGET = 11.0;
				MTL_ENABLE_DEBUG_INFO = YES;
				ONLY_ACTIVE_ARCH = YES;
				SDKROOT = iphoneos;
				SWIFT_ACTIVE_COMPILATION_CONDITIONS = DEBUG;
				SWIFT_OPTIMIZATION_LEVEL = "-Onone";
			};
			name = Debug;
		};
		F0BFAB96244871F100391FC7 /* Release */ = {
			isa = XCBuildConfiguration;
			buildSettings = {
				ALWAYS_SEARCH_USER_PATHS = NO;
				CLANG_ANALYZER_NONNULL = YES;
				CLANG_ANALYZER_NUMBER_OBJECT_CONVERSION = YES_AGGRESSIVE;
				CLANG_CXX_LANGUAGE_STANDARD = "gnu++14";
				CLANG_CXX_LIBRARY = "libc++";
				CLANG_ENABLE_MODULES = YES;
				CLANG_ENABLE_OBJC_ARC = YES;
				CLANG_WARN_BLOCK_CAPTURE_AUTORELEASING = YES;
				CLANG_WARN_BOOL_CONVERSION = YES;
				CLANG_WARN_COMMA = YES;
				CLANG_WARN_CONSTANT_CONVERSION = YES;
				CLANG_WARN_DIRECT_OBJC_ISA_USAGE = YES_ERROR;
				CLANG_WARN_DOCUMENTATION_COMMENTS = YES;
				CLANG_WARN_EMPTY_BODY = YES;
				CLANG_WARN_ENUM_CONVERSION = YES;
				CLANG_WARN_INFINITE_RECURSION = YES;
				CLANG_WARN_INT_CONVERSION = YES;
				CLANG_WARN_NON_LITERAL_NULL_CONVERSION = YES;
				CLANG_WARN_OBJC_LITERAL_CONVERSION = YES;
				CLANG_WARN_OBJC_ROOT_CLASS = YES_ERROR;
				CLANG_WARN_RANGE_LOOP_ANALYSIS = YES;
				CLANG_WARN_STRICT_PROTOTYPES = YES;
				CLANG_WARN_SUSPICIOUS_MOVE = YES;
				CLANG_WARN_UNGUARDED_AVAILABILITY = YES_AGGRESSIVE;
				CLANG_WARN_UNREACHABLE_CODE = YES;
				CLANG_WARN__DUPLICATE_METHOD_MATCH = YES;
				CODE_SIGN_IDENTITY = "iPhone Developer";
				COPY_PHASE_STRIP = NO;
				DEBUG_INFORMATION_FORMAT = "dwarf-with-dsym";
				ENABLE_NS_ASSERTIONS = NO;
				ENABLE_STRICT_OBJC_MSGSEND = YES;
				GCC_C_LANGUAGE_STANDARD = gnu11;
				GCC_NO_COMMON_BLOCKS = YES;
				GCC_WARN_64_TO_32_BIT_CONVERSION = YES;
				GCC_WARN_ABOUT_RETURN_TYPE = YES_ERROR;
				GCC_WARN_UNDECLARED_SELECTOR = YES;
				GCC_WARN_UNINITIALIZED_AUTOS = YES_AGGRESSIVE;
				GCC_WARN_UNUSED_FUNCTION = YES;
				GCC_WARN_UNUSED_VARIABLE = YES;
				IPHONEOS_DEPLOYMENT_TARGET = 11.0;
				MTL_ENABLE_DEBUG_INFO = NO;
				SDKROOT = iphoneos;
				SWIFT_OPTIMIZATION_LEVEL = "-Owholemodule";
				VALIDATE_PRODUCT = YES;
			};
			name = Release;
		};
		F0BFAB98244871F100391FC7 /* Debug */ = {
			isa = XCBuildConfiguration;
			buildSettings = {
				ASSETCATALOG_COMPILER_APPICON_NAME = AppIcon;
				CODE_SIGN_STYLE = Automatic;
				INFOPLIST_FILE = FoodCoordinator/Info.plist;
				LD_RUNPATH_SEARCH_PATHS = "$(inherited) @executable_path/Frameworks";
				PRODUCT_BUNDLE_IDENTIFIER = ryabkov.FoodCoordinator;
				PRODUCT_NAME = "$(TARGET_NAME)";
				SWIFT_VERSION = 4.0;
				TARGETED_DEVICE_FAMILY = "1,2";
			};
			name = Debug;
		};
		F0BFAB99244871F100391FC7 /* Release */ = {
			isa = XCBuildConfiguration;
			buildSettings = {
				ASSETCATALOG_COMPILER_APPICON_NAME = AppIcon;
				CODE_SIGN_STYLE = Automatic;
				INFOPLIST_FILE = FoodCoordinator/Info.plist;
				LD_RUNPATH_SEARCH_PATHS = "$(inherited) @executable_path/Frameworks";
				PRODUCT_BUNDLE_IDENTIFIER = ryabkov.FoodCoordinator;
				PRODUCT_NAME = "$(TARGET_NAME)";
				SWIFT_VERSION = 4.0;
				TARGETED_DEVICE_FAMILY = "1,2";
			};
			name = Release;
		};
/* End XCBuildConfiguration section */

/* Begin XCConfigurationList section */
		F0BFAB7D244871F100391FC7 /* Build configuration list for PBXProject "FoodCoordinator" */ = {
			isa = XCConfigurationList;
			buildConfigurations = (
				F0BFAB95244871F100391FC7 /* Debug */,
				F0BFAB96244871F100391FC7 /* Release */,
			);
			defaultConfigurationIsVisible = 0;
			defaultConfigurationName = Release;
		};
		F0BFAB97244871F100391FC7 /* Build configuration list for PBXNativeTarget "FoodCoordinator" */ = {
			isa = XCConfigurationList;
			buildConfigurations = (
				F0BFAB98244871F100391FC7 /* Debug */,
				F0BFAB99244871F100391FC7 /* Release */,
			);
			defaultConfigurationIsVisible = 0;
			defaultConfigurationName = Release;
		};
/* End XCConfigurationList section */

/* Begin XCVersionGroup section */
		F0BFAB8C244871F100391FC7 /* FoodCoordinator.xcdatamodeld */ = {
			isa = XCVersionGroup;
			children = (
				F0BFAB8D244871F100391FC7 /* FoodCoordinator.xcdatamodel */,
			);
			currentVersion = F0BFAB8D244871F100391FC7 /* FoodCoordinator.xcdatamodel */;
			path = FoodCoordinator.xcdatamodeld;
			sourceTree = "<group>";
			versionGroupType = wrapper.xcdatamodel;
		};
/* End XCVersionGroup section */
	};
	rootObject = F0BFAB7A244871F100391FC7 /* Project object */;
}
